{
  "nodes": {
    "blueprint": {
      "inputs": {
        "nixpkgs": [
          "bun2nix",
          "nixpkgs"
        ],
        "systems": [
          "bun2nix",
          "systems"
        ]
      },
      "locked": {
        "lastModified": 1744632722,
        "narHash": "sha256-0chvqUV1Kzf8BMQ7MsH3CeicJEb2HeCpwliS77FGyfc=",
        "owner": "numtide",
        "repo": "blueprint",
        "rev": "49bbd5d072b577072f4a1d07d4b0621ecce768af",
        "type": "github"
      },
      "original": {
        "owner": "numtide",
        "repo": "blueprint",
        "type": "github"
      }
    },
    "bun2nix": {
      "inputs": {
        "blueprint": "blueprint",
        "nixpkgs": [
          "nixpkgs"
        ],
        "systems": "systems",
        "treefmt-nix": "treefmt-nix"
      },
      "locked": {
        "lastModified": 1747677025,
        "narHash": "sha256-klQ7VfWoRQ+KGkbjl69RtDe21u3ZKwobYBn5f9q2OvA=",
        "owner": "baileyluTCD",
        "repo": "bun2nix",
        "rev": "ea0660bf5e141c62ff0bf7eb40761e8e3c88bdac",
        "type": "github"
      },
      "original": {
        "owner": "baileyluTCD",
        "repo": "bun2nix",
        "type": "github"
      }
    },
    "nixpkgs": {
      "locked": {
        "lastModified": 1747958103,
        "narHash": "sha256-qmmFCrfBwSHoWw7cVK4Aj+fns+c54EBP8cGqp/yK410=",
        "owner": "NixOS",
        "repo": "nixpkgs",
        "rev": "fe51d34885f7b5e3e7b59572796e1bcb427eccb1",
        "type": "github"
      },
      "original": {
        "owner": "NixOS",
        "ref": "nixpkgs-unstable",
        "repo": "nixpkgs",
        "type": "github"
      }
    },
    "root": {
      "inputs": {
        "bun2nix": "bun2nix",
        "nixpkgs": "nixpkgs",
        "rust-overlay": "rust-overlay"
      }
    },
    "rust-overlay": {
      "inputs": {
        "nixpkgs": [
          "nixpkgs"
        ]
      },
      "locked": {
        "lastModified": 1747967795,
        "narHash": "sha256-76s4jDRbQzxRO+5y8ilMp5V30qVgY9R6n8U7aOap8ig=",
        "owner": "oxalica",
        "repo": "rust-overlay",
        "rev": "f1d5bfa8c692cacd798a3e1fb93d54c1b9ac701a",
        "type": "github"
      },
      "original": {
        "owner": "oxalica",
        "repo": "rust-overlay",
        "type": "github"
      }
    },
    "systems": {
      "locked": {
        "lastModified": 1681028828,
        "narHash": "sha256-Vy1rq5AaRuLzOxct8nz4T6wlgyUR7zLU309k9mBC768=",
        "owner": "nix-systems",
        "repo": "default",
        "rev": "da67096a3b9bf56a91d16901293e51ba5b49a27e",
        "type": "github"
      },
      "original": {
        "owner": "nix-systems",
        "repo": "default",
        "type": "github"
      }
    },
    "treefmt-nix": {
      "inputs": {
        "nixpkgs": [
          "bun2nix",
          "nixpkgs"
        ]
      },
      "locked": {
        "lastModified": 1744961264,
        "narHash": "sha256-aRmUh0AMwcbdjJHnytg1e5h5ECcaWtIFQa6d9gI85AI=",
        "owner": "numtide",
        "repo": "treefmt-nix",
        "rev": "8d404a69efe76146368885110f29a2ca3700bee6",
        "type": "github"
      },
      "original": {
        "owner": "numtide",
        "repo": "treefmt-nix",
        "type": "github"
      }
    }
  },
  "root": "root",
  "version": 7
}
